// !$*UTF8*$!
{
	archiveVersion = 1;
	classes = {
	};
	objectVersion = 51;
	objects = {

/* Begin PBXBuildFile section */
		16C434E6F1DA140451251003 /* Pods_FairAppIOS.framework in Frameworks */ = {isa = PBXBuildFile; fileRef = C1F363346B189EA5809F2B98 /* Pods_FairAppIOS.framework */; };
		640773B024BB9E1600466515 /* ScheduleWeekday.swift in Sources */ = {isa = PBXBuildFile; fileRef = 640773AF24BB9E1600466515 /* ScheduleWeekday.swift */; };
		640C706D2488497C004CCF62 /* HomeView.swift in Sources */ = {isa = PBXBuildFile; fileRef = 640C706C2488497C004CCF62 /* HomeView.swift */; };
		640C706F24884A14004CCF62 /* StoreView.swift in Sources */ = {isa = PBXBuildFile; fileRef = 640C706E24884A14004CCF62 /* StoreView.swift */; };
		640C707124884A22004CCF62 /* AccountInfoView.swift in Sources */ = {isa = PBXBuildFile; fileRef = 640C707024884A22004CCF62 /* AccountInfoView.swift */; };
		640C7079248DB215004CCF62 /* ScheduleView.swift in Sources */ = {isa = PBXBuildFile; fileRef = 640C7078248DB215004CCF62 /* ScheduleView.swift */; };
		640C707B248DB221004CCF62 /* ProductListView.swift in Sources */ = {isa = PBXBuildFile; fileRef = 640C707A248DB221004CCF62 /* ProductListView.swift */; };
		640C707D248DB22E004CCF62 /* DealView.swift in Sources */ = {isa = PBXBuildFile; fileRef = 640C707C248DB22E004CCF62 /* DealView.swift */; };
		640C707F248DB23A004CCF62 /* ContentView.swift in Sources */ = {isa = PBXBuildFile; fileRef = 640C707E248DB23A004CCF62 /* ContentView.swift */; };
		640C7081248DB244004CCF62 /* OrderView.swift in Sources */ = {isa = PBXBuildFile; fileRef = 640C7080248DB244004CCF62 /* OrderView.swift */; };
		640C7083248DB250004CCF62 /* MessageView.swift in Sources */ = {isa = PBXBuildFile; fileRef = 640C7082248DB250004CCF62 /* MessageView.swift */; };
		640C7088249147D1004CCF62 /* FirebaseStorageModel.swift in Sources */ = {isa = PBXBuildFile; fileRef = 640C7087249147D1004CCF62 /* FirebaseStorageModel.swift */; };
		640C708A24914897004CCF62 /* FirebaseImagePickerModel.swift in Sources */ = {isa = PBXBuildFile; fileRef = 640C708924914897004CCF62 /* FirebaseImagePickerModel.swift */; };
		640C708C24916A51004CCF62 /* FirebaseImageView.swift in Sources */ = {isa = PBXBuildFile; fileRef = 640C708B24916A51004CCF62 /* FirebaseImageView.swift */; };
		640C709324917D9F004CCF62 /* VendorProfileHttpRequest.swift in Sources */ = {isa = PBXBuildFile; fileRef = 640C709224917D9F004CCF62 /* VendorProfileHttpRequest.swift */; };
		640C709524917FD5004CCF62 /* TestHttpRequestFetch.swift in Sources */ = {isa = PBXBuildFile; fileRef = 640C709424917FD5004CCF62 /* TestHttpRequestFetch.swift */; };
		640C70972491CB13004CCF62 /* NetworkConstant.swift in Sources */ = {isa = PBXBuildFile; fileRef = 640C70962491CB13004CCF62 /* NetworkConstant.swift */; };
		641872F72495023A00D7BE77 /* PreLogin.swift in Sources */ = {isa = PBXBuildFile; fileRef = 641872F62495023A00D7BE77 /* PreLogin.swift */; };
		641872FA249936A500D7BE77 /* ProductDetailView.swift in Sources */ = {isa = PBXBuildFile; fileRef = 641872F9249936A500D7BE77 /* ProductDetailView.swift */; };
		641872FE2499382200D7BE77 /* ProductListElement.swift in Sources */ = {isa = PBXBuildFile; fileRef = 641872FD2499382200D7BE77 /* ProductListElement.swift */; };
		6418730324993E6000D7BE77 /* ProductListElementDetail.swift in Sources */ = {isa = PBXBuildFile; fileRef = 6418730224993E6000D7BE77 /* ProductListElementDetail.swift */; };
		6418730B24994C9000D7BE77 /* AccountProfileView.swift in Sources */ = {isa = PBXBuildFile; fileRef = 6418730A24994C9000D7BE77 /* AccountProfileView.swift */; };
		6418730D24994CF600D7BE77 /* BusinessInfoView.swift in Sources */ = {isa = PBXBuildFile; fileRef = 6418730C24994CF600D7BE77 /* BusinessInfoView.swift */; };
		6418730F24994D0D00D7BE77 /* AccountSecurityView.swift in Sources */ = {isa = PBXBuildFile; fileRef = 6418730E24994D0D00D7BE77 /* AccountSecurityView.swift */; };
		6418731124994D2100D7BE77 /* AccountHelpFAQView.swift in Sources */ = {isa = PBXBuildFile; fileRef = 6418731024994D2100D7BE77 /* AccountHelpFAQView.swift */; };
		6418731324994D6F00D7BE77 /* AccountNotificationView.swift in Sources */ = {isa = PBXBuildFile; fileRef = 6418731224994D6F00D7BE77 /* AccountNotificationView.swift */; };
		64187316249E71E700D7BE77 /* ProductEditView.swift in Sources */ = {isa = PBXBuildFile; fileRef = 64187315249E71E700D7BE77 /* ProductEditView.swift */; };
		64187318249E720300D7BE77 /* ProductCreateView.swift in Sources */ = {isa = PBXBuildFile; fileRef = 64187317249E720300D7BE77 /* ProductCreateView.swift */; };
		6418731A249EA59000D7BE77 /* ProductViewConstants.swift in Sources */ = {isa = PBXBuildFile; fileRef = 64187319249EA59000D7BE77 /* ProductViewConstants.swift */; };
		641BAF7A248568B700E220F1 /* AppDelegate.swift in Sources */ = {isa = PBXBuildFile; fileRef = 641BAF79248568B700E220F1 /* AppDelegate.swift */; };
		641BAF7C248568B700E220F1 /* SceneDelegate.swift in Sources */ = {isa = PBXBuildFile; fileRef = 641BAF7B248568B700E220F1 /* SceneDelegate.swift */; };
		641BAF7F248568B700E220F1 /* FairAppIOS.xcdatamodeld in Sources */ = {isa = PBXBuildFile; fileRef = 641BAF7D248568B700E220F1 /* FairAppIOS.xcdatamodeld */; };
		641BAF81248568B700E220F1 /* MainView.swift in Sources */ = {isa = PBXBuildFile; fileRef = 641BAF80248568B700E220F1 /* MainView.swift */; };
		641BAF83248568BA00E220F1 /* Assets.xcassets in Resources */ = {isa = PBXBuildFile; fileRef = 641BAF82248568BA00E220F1 /* Assets.xcassets */; };
		641BAF86248568BA00E220F1 /* Preview Assets.xcassets in Resources */ = {isa = PBXBuildFile; fileRef = 641BAF85248568BA00E220F1 /* Preview Assets.xcassets */; };
		641BAF89248568BA00E220F1 /* LaunchScreen.storyboard in Resources */ = {isa = PBXBuildFile; fileRef = 641BAF87248568BA00E220F1 /* LaunchScreen.storyboard */; };
		6426E24224856DE90033C704 /* GoogleService-Info.plist in Resources */ = {isa = PBXBuildFile; fileRef = 6426E24124856DE90033C704 /* GoogleService-Info.plist */; };
		648760812485D26500B12022 /* SignUpView.swift in Sources */ = {isa = PBXBuildFile; fileRef = 648760802485D26500B12022 /* SignUpView.swift */; };
		648760832485D9A100B12022 /* SignInView.swift in Sources */ = {isa = PBXBuildFile; fileRef = 648760822485D9A100B12022 /* SignInView.swift */; };
		648760862485DF2200B12022 /* VendorProfileConstants.swift in Sources */ = {isa = PBXBuildFile; fileRef = 648760852485DF2200B12022 /* VendorProfileConstants.swift */; };
		6487608824860BE600B12022 /* MarketSearchView.swift in Sources */ = {isa = PBXBuildFile; fileRef = 6487608724860BE500B12022 /* MarketSearchView.swift */; };
		6487608A24867B8C00B12022 /* TestContextMenu.swift in Sources */ = {isa = PBXBuildFile; fileRef = 6487608924867B8C00B12022 /* TestContextMenu.swift */; };
		6487608E2486A93000B12022 /* SignUpMarketSelectionManager.swift in Sources */ = {isa = PBXBuildFile; fileRef = 6487608D2486A93000B12022 /* SignUpMarketSelectionManager.swift */; };
		64B0D7872485A46700E3FAFA /* AuthSessionStore.swift in Sources */ = {isa = PBXBuildFile; fileRef = 64B0D7862485A46700E3FAFA /* AuthSessionStore.swift */; };
		64B0D7892485C05C00E3FAFA /* AuthView.swift in Sources */ = {isa = PBXBuildFile; fileRef = 64B0D7882485C05C00E3FAFA /* AuthView.swift */; };
		64B0D78D2485CC2B00E3FAFA /* LabelledDivider.swift in Sources */ = {isa = PBXBuildFile; fileRef = 64B0D78C2485CC2B00E3FAFA /* LabelledDivider.swift */; };
		64DDA02025082029004EB64E /* RatingStar.swift in Sources */ = {isa = PBXBuildFile; fileRef = 64DDA01F25082029004EB64E /* RatingStar.swift */; };
		64DDA0222508204B004EB64E /* ActivityIndicator.swift in Sources */ = {isa = PBXBuildFile; fileRef = 64DDA0212508204B004EB64E /* ActivityIndicator.swift */; };
		64DDA024250948C3004EB64E /* ReviewView.swift in Sources */ = {isa = PBXBuildFile; fileRef = 64DDA023250948C3004EB64E /* ReviewView.swift */; };
		64DDA0272509494F004EB64E /* StoreHeaderView.swift in Sources */ = {isa = PBXBuildFile; fileRef = 64DDA0262509494F004EB64E /* StoreHeaderView.swift */; };
		64DDA02D25094C03004EB64E /* StoreScheduleView.swift in Sources */ = {isa = PBXBuildFile; fileRef = 64DDA02C25094C03004EB64E /* StoreScheduleView.swift */; };
		64DDA02F25094C37004EB64E /* StoreOfferringView.swift in Sources */ = {isa = PBXBuildFile; fileRef = 64DDA02E25094C37004EB64E /* StoreOfferringView.swift */; };
		64DDA03125094C5B004EB64E /* StoreActivityView.swift in Sources */ = {isa = PBXBuildFile; fileRef = 64DDA03025094C5B004EB64E /* StoreActivityView.swift */; };
		64DDA03325094F76004EB64E /* StoreRecommendView.swift in Sources */ = {isa = PBXBuildFile; fileRef = 64DDA03225094F76004EB64E /* StoreRecommendView.swift */; };
		64E45F2525012D9100288B1F /* BottomSheetView.swift in Sources */ = {isa = PBXBuildFile; fileRef = 64E45F2425012D9100288B1F /* BottomSheetView.swift */; };
/* End PBXBuildFile section */

/* Begin PBXFileReference section */
		640773AF24BB9E1600466515 /* ScheduleWeekday.swift */ = {isa = PBXFileReference; lastKnownFileType = sourcecode.swift; path = ScheduleWeekday.swift; sourceTree = "<group>"; };
		640C706C2488497C004CCF62 /* HomeView.swift */ = {isa = PBXFileReference; lastKnownFileType = sourcecode.swift; path = HomeView.swift; sourceTree = "<group>"; };
		640C706E24884A14004CCF62 /* StoreView.swift */ = {isa = PBXFileReference; lastKnownFileType = sourcecode.swift; path = StoreView.swift; sourceTree = "<group>"; };
		640C707024884A22004CCF62 /* AccountInfoView.swift */ = {isa = PBXFileReference; lastKnownFileType = sourcecode.swift; path = AccountInfoView.swift; sourceTree = "<group>"; };
		640C7078248DB215004CCF62 /* ScheduleView.swift */ = {isa = PBXFileReference; lastKnownFileType = sourcecode.swift; path = ScheduleView.swift; sourceTree = "<group>"; };
		640C707A248DB221004CCF62 /* ProductListView.swift */ = {isa = PBXFileReference; lastKnownFileType = sourcecode.swift; path = ProductListView.swift; sourceTree = "<group>"; };
		640C707C248DB22E004CCF62 /* DealView.swift */ = {isa = PBXFileReference; lastKnownFileType = sourcecode.swift; path = DealView.swift; sourceTree = "<group>"; };
		640C707E248DB23A004CCF62 /* ContentView.swift */ = {isa = PBXFileReference; lastKnownFileType = sourcecode.swift; path = ContentView.swift; sourceTree = "<group>"; };
		640C7080248DB244004CCF62 /* OrderView.swift */ = {isa = PBXFileReference; lastKnownFileType = sourcecode.swift; path = OrderView.swift; sourceTree = "<group>"; };
		640C7082248DB250004CCF62 /* MessageView.swift */ = {isa = PBXFileReference; lastKnownFileType = sourcecode.swift; path = MessageView.swift; sourceTree = "<group>"; };
		640C7087249147D1004CCF62 /* FirebaseStorageModel.swift */ = {isa = PBXFileReference; lastKnownFileType = sourcecode.swift; path = FirebaseStorageModel.swift; sourceTree = "<group>"; };
		640C708924914897004CCF62 /* FirebaseImagePickerModel.swift */ = {isa = PBXFileReference; lastKnownFileType = sourcecode.swift; path = FirebaseImagePickerModel.swift; sourceTree = "<group>"; };
		640C708B24916A51004CCF62 /* FirebaseImageView.swift */ = {isa = PBXFileReference; lastKnownFileType = sourcecode.swift; path = FirebaseImageView.swift; sourceTree = "<group>"; };
		640C709224917D9F004CCF62 /* VendorProfileHttpRequest.swift */ = {isa = PBXFileReference; lastKnownFileType = sourcecode.swift; path = VendorProfileHttpRequest.swift; sourceTree = "<group>"; };
		640C709424917FD5004CCF62 /* TestHttpRequestFetch.swift */ = {isa = PBXFileReference; lastKnownFileType = sourcecode.swift; path = TestHttpRequestFetch.swift; sourceTree = "<group>"; };
		640C70962491CB13004CCF62 /* NetworkConstant.swift */ = {isa = PBXFileReference; lastKnownFileType = sourcecode.swift; path = NetworkConstant.swift; sourceTree = "<group>"; };
		641872F62495023A00D7BE77 /* PreLogin.swift */ = {isa = PBXFileReference; lastKnownFileType = sourcecode.swift; path = PreLogin.swift; sourceTree = "<group>"; };
		641872F9249936A500D7BE77 /* ProductDetailView.swift */ = {isa = PBXFileReference; lastKnownFileType = sourcecode.swift; path = ProductDetailView.swift; sourceTree = "<group>"; };
		641872FD2499382200D7BE77 /* ProductListElement.swift */ = {isa = PBXFileReference; lastKnownFileType = sourcecode.swift; path = ProductListElement.swift; sourceTree = "<group>"; };
		6418730224993E6000D7BE77 /* ProductListElementDetail.swift */ = {isa = PBXFileReference; lastKnownFileType = sourcecode.swift; path = ProductListElementDetail.swift; sourceTree = "<group>"; };
		6418730A24994C9000D7BE77 /* AccountProfileView.swift */ = {isa = PBXFileReference; lastKnownFileType = sourcecode.swift; path = AccountProfileView.swift; sourceTree = "<group>"; };
		6418730C24994CF600D7BE77 /* BusinessInfoView.swift */ = {isa = PBXFileReference; lastKnownFileType = sourcecode.swift; path = BusinessInfoView.swift; sourceTree = "<group>"; };
		6418730E24994D0D00D7BE77 /* AccountSecurityView.swift */ = {isa = PBXFileReference; lastKnownFileType = sourcecode.swift; path = AccountSecurityView.swift; sourceTree = "<group>"; };
		6418731024994D2100D7BE77 /* AccountHelpFAQView.swift */ = {isa = PBXFileReference; lastKnownFileType = sourcecode.swift; path = AccountHelpFAQView.swift; sourceTree = "<group>"; };
		6418731224994D6F00D7BE77 /* AccountNotificationView.swift */ = {isa = PBXFileReference; lastKnownFileType = sourcecode.swift; path = AccountNotificationView.swift; sourceTree = "<group>"; };
		64187315249E71E700D7BE77 /* ProductEditView.swift */ = {isa = PBXFileReference; lastKnownFileType = sourcecode.swift; path = ProductEditView.swift; sourceTree = "<group>"; };
		64187317249E720300D7BE77 /* ProductCreateView.swift */ = {isa = PBXFileReference; lastKnownFileType = sourcecode.swift; path = ProductCreateView.swift; sourceTree = "<group>"; };
		64187319249EA59000D7BE77 /* ProductViewConstants.swift */ = {isa = PBXFileReference; lastKnownFileType = sourcecode.swift; path = ProductViewConstants.swift; sourceTree = "<group>"; };
		641BAF76248568B700E220F1 /* FairAppIOS.app */ = {isa = PBXFileReference; explicitFileType = wrapper.application; includeInIndex = 0; path = FairAppIOS.app; sourceTree = BUILT_PRODUCTS_DIR; };
		641BAF79248568B700E220F1 /* AppDelegate.swift */ = {isa = PBXFileReference; lastKnownFileType = sourcecode.swift; path = AppDelegate.swift; sourceTree = "<group>"; };
		641BAF7B248568B700E220F1 /* SceneDelegate.swift */ = {isa = PBXFileReference; lastKnownFileType = sourcecode.swift; path = SceneDelegate.swift; sourceTree = "<group>"; };
		641BAF7E248568B700E220F1 /* FairAppIOS.xcdatamodel */ = {isa = PBXFileReference; lastKnownFileType = wrapper.xcdatamodel; path = FairAppIOS.xcdatamodel; sourceTree = "<group>"; };
		641BAF80248568B700E220F1 /* MainView.swift */ = {isa = PBXFileReference; lastKnownFileType = sourcecode.swift; path = MainView.swift; sourceTree = "<group>"; };
		641BAF82248568BA00E220F1 /* Assets.xcassets */ = {isa = PBXFileReference; lastKnownFileType = folder.assetcatalog; path = Assets.xcassets; sourceTree = "<group>"; };
		641BAF85248568BA00E220F1 /* Preview Assets.xcassets */ = {isa = PBXFileReference; lastKnownFileType = folder.assetcatalog; path = "Preview Assets.xcassets"; sourceTree = "<group>"; };
		641BAF88248568BA00E220F1 /* Base */ = {isa = PBXFileReference; lastKnownFileType = file.storyboard; name = Base; path = Base.lproj/LaunchScreen.storyboard; sourceTree = "<group>"; };
		641BAF8A248568BA00E220F1 /* Info.plist */ = {isa = PBXFileReference; lastKnownFileType = text.plist.xml; path = Info.plist; sourceTree = "<group>"; };
		6426E24124856DE90033C704 /* GoogleService-Info.plist */ = {isa = PBXFileReference; fileEncoding = 4; lastKnownFileType = text.plist.xml; path = "GoogleService-Info.plist"; sourceTree = "<group>"; };
		648760802485D26500B12022 /* SignUpView.swift */ = {isa = PBXFileReference; lastKnownFileType = sourcecode.swift; path = SignUpView.swift; sourceTree = "<group>"; };
		648760822485D9A100B12022 /* SignInView.swift */ = {isa = PBXFileReference; lastKnownFileType = sourcecode.swift; path = SignInView.swift; sourceTree = "<group>"; };
		648760852485DF2200B12022 /* VendorProfileConstants.swift */ = {isa = PBXFileReference; lastKnownFileType = sourcecode.swift; path = VendorProfileConstants.swift; sourceTree = "<group>"; };
		6487608724860BE500B12022 /* MarketSearchView.swift */ = {isa = PBXFileReference; lastKnownFileType = sourcecode.swift; path = MarketSearchView.swift; sourceTree = "<group>"; };
		6487608924867B8C00B12022 /* TestContextMenu.swift */ = {isa = PBXFileReference; lastKnownFileType = sourcecode.swift; path = TestContextMenu.swift; sourceTree = "<group>"; };
		6487608D2486A93000B12022 /* SignUpMarketSelectionManager.swift */ = {isa = PBXFileReference; lastKnownFileType = sourcecode.swift; path = SignUpMarketSelectionManager.swift; sourceTree = "<group>"; };
		64B0D7862485A46700E3FAFA /* AuthSessionStore.swift */ = {isa = PBXFileReference; lastKnownFileType = sourcecode.swift; path = AuthSessionStore.swift; sourceTree = "<group>"; };
		64B0D7882485C05C00E3FAFA /* AuthView.swift */ = {isa = PBXFileReference; lastKnownFileType = sourcecode.swift; path = AuthView.swift; sourceTree = "<group>"; };
		64B0D78C2485CC2B00E3FAFA /* LabelledDivider.swift */ = {isa = PBXFileReference; lastKnownFileType = sourcecode.swift; path = LabelledDivider.swift; sourceTree = "<group>"; };
		64DDA01F25082029004EB64E /* RatingStar.swift */ = {isa = PBXFileReference; lastKnownFileType = sourcecode.swift; path = RatingStar.swift; sourceTree = "<group>"; };
		64DDA0212508204B004EB64E /* ActivityIndicator.swift */ = {isa = PBXFileReference; lastKnownFileType = sourcecode.swift; path = ActivityIndicator.swift; sourceTree = "<group>"; };
		64DDA023250948C3004EB64E /* ReviewView.swift */ = {isa = PBXFileReference; lastKnownFileType = sourcecode.swift; path = ReviewView.swift; sourceTree = "<group>"; };
		64DDA0262509494F004EB64E /* StoreHeaderView.swift */ = {isa = PBXFileReference; lastKnownFileType = sourcecode.swift; path = StoreHeaderView.swift; sourceTree = "<group>"; };
		64DDA02C25094C03004EB64E /* StoreScheduleView.swift */ = {isa = PBXFileReference; lastKnownFileType = sourcecode.swift; path = StoreScheduleView.swift; sourceTree = "<group>"; };
		64DDA02E25094C37004EB64E /* StoreOfferringView.swift */ = {isa = PBXFileReference; lastKnownFileType = sourcecode.swift; path = StoreOfferringView.swift; sourceTree = "<group>"; };
		64DDA03025094C5B004EB64E /* StoreActivityView.swift */ = {isa = PBXFileReference; lastKnownFileType = sourcecode.swift; path = StoreActivityView.swift; sourceTree = "<group>"; };
		64DDA03225094F76004EB64E /* StoreRecommendView.swift */ = {isa = PBXFileReference; lastKnownFileType = sourcecode.swift; path = StoreRecommendView.swift; sourceTree = "<group>"; };
		64E45F2425012D9100288B1F /* BottomSheetView.swift */ = {isa = PBXFileReference; lastKnownFileType = sourcecode.swift; path = BottomSheetView.swift; sourceTree = "<group>"; };
		AFC86365BC570E99FA324994 /* Pods-FairAppIOS.debug.xcconfig */ = {isa = PBXFileReference; includeInIndex = 1; lastKnownFileType = text.xcconfig; name = "Pods-FairAppIOS.debug.xcconfig"; path = "Target Support Files/Pods-FairAppIOS/Pods-FairAppIOS.debug.xcconfig"; sourceTree = "<group>"; };
		C1F363346B189EA5809F2B98 /* Pods_FairAppIOS.framework */ = {isa = PBXFileReference; explicitFileType = wrapper.framework; includeInIndex = 0; path = Pods_FairAppIOS.framework; sourceTree = BUILT_PRODUCTS_DIR; };
		DCCFF96749B93925A04AB892 /* Pods-FairAppIOS.release.xcconfig */ = {isa = PBXFileReference; includeInIndex = 1; lastKnownFileType = text.xcconfig; name = "Pods-FairAppIOS.release.xcconfig"; path = "Target Support Files/Pods-FairAppIOS/Pods-FairAppIOS.release.xcconfig"; sourceTree = "<group>"; };
/* End PBXFileReference section */

/* Begin PBXFrameworksBuildPhase section */
		641BAF73248568B700E220F1 /* Frameworks */ = {
			isa = PBXFrameworksBuildPhase;
			buildActionMask = 2147483647;
			files = (
				16C434E6F1DA140451251003 /* Pods_FairAppIOS.framework in Frameworks */,
			);
			runOnlyForDeploymentPostprocessing = 0;
		};
/* End PBXFrameworksBuildPhase section */

/* Begin PBXGroup section */
		0F0F9AB9B03C6D8F7A0BEEB4 /* Pods */ = {
			isa = PBXGroup;
			children = (
				AFC86365BC570E99FA324994 /* Pods-FairAppIOS.debug.xcconfig */,
				DCCFF96749B93925A04AB892 /* Pods-FairAppIOS.release.xcconfig */,
			);
			path = Pods;
			sourceTree = "<group>";
		};
		640C706824884928004CCF62 /* MainView */ = {
			isa = PBXGroup;
			children = (
				640C706B24884941004CCF62 /* AccountInfoView */,
				640C706A24884938004CCF62 /* StoreView */,
				640C706924884931004CCF62 /* HomeView */,
			);
			path = MainView;
			sourceTree = "<group>";
		};
		640C706924884931004CCF62 /* HomeView */ = {
			isa = PBXGroup;
			children = (
				640C7077248DB204004CCF62 /* Message */,
				640C7076248DB1FC004CCF62 /* OrderView */,
				640C7075248DB1EF004CCF62 /* ContentView */,
				640C7074248DB1EA004CCF62 /* DealView */,
				640C7073248DB1E2004CCF62 /* ProductView */,
				640C7072248DB1DA004CCF62 /* ScheduleView */,
				640C706C2488497C004CCF62 /* HomeView.swift */,
				64B0D7882485C05C00E3FAFA /* AuthView.swift */,
			);
			path = HomeView;
			sourceTree = "<group>";
		};
		640C706A24884938004CCF62 /* StoreView */ = {
			isa = PBXGroup;
			children = (
				64DDA02B25094AA6004EB64E /* StoreRecommend */,
				64DDA02A25094994004EB64E /* StoreActivity */,
				64DDA02925094987004EB64E /* StoreOfferring */,
				64DDA02825094969004EB64E /* StoreSchedule */,
				64DDA02525094933004EB64E /* Header */,
				640C706E24884A14004CCF62 /* StoreView.swift */,
			);
			path = StoreView;
			sourceTree = "<group>";
		};
		640C706B24884941004CCF62 /* AccountInfoView */ = {
			isa = PBXGroup;
			children = (
				6418731424994D9300D7BE77 /* View */,
				640C709124917D6B004CCF62 /* VendorProfileHttpRequest */,
				640C707024884A22004CCF62 /* AccountInfoView.swift */,
			);
			path = AccountInfoView;
			sourceTree = "<group>";
		};
		640C7072248DB1DA004CCF62 /* ScheduleView */ = {
			isa = PBXGroup;
			children = (
				640C7078248DB215004CCF62 /* ScheduleView.swift */,
				640773AF24BB9E1600466515 /* ScheduleWeekday.swift */,
			);
			path = ScheduleView;
			sourceTree = "<group>";
		};
		640C7073248DB1E2004CCF62 /* ProductView */ = {
			isa = PBXGroup;
			children = (
				6418730124993AC400D7BE77 /* HttpRequest */,
				641873002499383400D7BE77 /* View */,
				641872FF2499382B00D7BE77 /* Model */,
			);
			path = ProductView;
			sourceTree = "<group>";
		};
		640C7074248DB1EA004CCF62 /* DealView */ = {
			isa = PBXGroup;
			children = (
				640C707C248DB22E004CCF62 /* DealView.swift */,
			);
			path = DealView;
			sourceTree = "<group>";
		};
		640C7075248DB1EF004CCF62 /* ContentView */ = {
			isa = PBXGroup;
			children = (
				640C707E248DB23A004CCF62 /* ContentView.swift */,
			);
			path = ContentView;
			sourceTree = "<group>";
		};
		640C7076248DB1FC004CCF62 /* OrderView */ = {
			isa = PBXGroup;
			children = (
				640C7080248DB244004CCF62 /* OrderView.swift */,
			);
			path = OrderView;
			sourceTree = "<group>";
		};
		640C7077248DB204004CCF62 /* Message */ = {
			isa = PBXGroup;
			children = (
				640C7082248DB250004CCF62 /* MessageView.swift */,
			);
			path = Message;
			sourceTree = "<group>";
		};
		640C708424914741004CCF62 /* FirebaseStorageImageManager */ = {
			isa = PBXGroup;
			children = (
				640C708924914897004CCF62 /* FirebaseImagePickerModel.swift */,
				640C708B24916A51004CCF62 /* FirebaseImageView.swift */,
			);
			path = FirebaseStorageImageManager;
			sourceTree = "<group>";
		};
		640C70862491476C004CCF62 /* FirebaseStorage */ = {
			isa = PBXGroup;
			children = (
				640C7087249147D1004CCF62 /* FirebaseStorageModel.swift */,
			);
			path = FirebaseStorage;
			sourceTree = "<group>";
		};
		640C708D249174E2004CCF62 /* SignUp */ = {
			isa = PBXGroup;
			children = (
				648760802485D26500B12022 /* SignUpView.swift */,
				6487608D2486A93000B12022 /* SignUpMarketSelectionManager.swift */,
				6487608724860BE500B12022 /* MarketSearchView.swift */,
			);
			path = SignUp;
			sourceTree = "<group>";
		};
		640C708E24917D41004CCF62 /* HttpRequest */ = {
			isa = PBXGroup;
			children = (
			);
			path = HttpRequest;
			sourceTree = "<group>";
		};
		640C709124917D6B004CCF62 /* VendorProfileHttpRequest */ = {
			isa = PBXGroup;
			children = (
				648760852485DF2200B12022 /* VendorProfileConstants.swift */,
				640C709224917D9F004CCF62 /* VendorProfileHttpRequest.swift */,
			);
			path = VendorProfileHttpRequest;
			sourceTree = "<group>";
		};
		641872F5249501ED00D7BE77 /* PreLogin */ = {
			isa = PBXGroup;
			children = (
				641872F62495023A00D7BE77 /* PreLogin.swift */,
			);
			path = PreLogin;
			sourceTree = "<group>";
		};
		641872F82499237F00D7BE77 /* SignIn */ = {
			isa = PBXGroup;
			children = (
				648760822485D9A100B12022 /* SignInView.swift */,
			);
			path = SignIn;
			sourceTree = "<group>";
		};
		641872FB2499379400D7BE77 /* FirebaseModel */ = {
			isa = PBXGroup;
			children = (
				64B0D7852485A45300E3FAFA /* AuthSession */,
				640C708424914741004CCF62 /* FirebaseStorageImageManager */,
				640C70862491476C004CCF62 /* FirebaseStorage */,
			);
			path = FirebaseModel;
			sourceTree = "<group>";
		};
		641872FC249937C900D7BE77 /* ViewModel */ = {
			isa = PBXGroup;
			children = (
			);
			path = ViewModel;
			sourceTree = "<group>";
		};
		641872FF2499382B00D7BE77 /* Model */ = {
			isa = PBXGroup;
			children = (
				641872FD2499382200D7BE77 /* ProductListElement.swift */,
				6418730224993E6000D7BE77 /* ProductListElementDetail.swift */,
				64187319249EA59000D7BE77 /* ProductViewConstants.swift */,
			);
			path = Model;
			sourceTree = "<group>";
		};
		641873002499383400D7BE77 /* View */ = {
			isa = PBXGroup;
			children = (
				640C707A248DB221004CCF62 /* ProductListView.swift */,
				641872F9249936A500D7BE77 /* ProductDetailView.swift */,
				64187315249E71E700D7BE77 /* ProductEditView.swift */,
				64187317249E720300D7BE77 /* ProductCreateView.swift */,
			);
			path = View;
			sourceTree = "<group>";
		};
		6418730124993AC400D7BE77 /* HttpRequest */ = {
			isa = PBXGroup;
			children = (
			);
			path = HttpRequest;
			sourceTree = "<group>";
		};
		64187304249946B700D7BE77 /* AccountProfileView */ = {
			isa = PBXGroup;
			children = (
				6418730A24994C9000D7BE77 /* AccountProfileView.swift */,
			);
			path = AccountProfileView;
			sourceTree = "<group>";
		};
		64187305249946BE00D7BE77 /* BusinessInfoView */ = {
			isa = PBXGroup;
			children = (
				6418730C24994CF600D7BE77 /* BusinessInfoView.swift */,
			);
			path = BusinessInfoView;
			sourceTree = "<group>";
		};
		64187306249946C800D7BE77 /* AccountSecurityView */ = {
			isa = PBXGroup;
			children = (
				6418730E24994D0D00D7BE77 /* AccountSecurityView.swift */,
			);
			path = AccountSecurityView;
			sourceTree = "<group>";
		};
		64187307249946DC00D7BE77 /* HelpFAQView */ = {
			isa = PBXGroup;
			children = (
				6418731024994D2100D7BE77 /* AccountHelpFAQView.swift */,
			);
			path = HelpFAQView;
			sourceTree = "<group>";
		};
		64187308249946E700D7BE77 /* NotificationView */ = {
			isa = PBXGroup;
			children = (
				6418731224994D6F00D7BE77 /* AccountNotificationView.swift */,
			);
			path = NotificationView;
			sourceTree = "<group>";
		};
		6418731424994D9300D7BE77 /* View */ = {
			isa = PBXGroup;
			children = (
				64187304249946B700D7BE77 /* AccountProfileView */,
				64187305249946BE00D7BE77 /* BusinessInfoView */,
				64187307249946DC00D7BE77 /* HelpFAQView */,
				64187308249946E700D7BE77 /* NotificationView */,
				64187306249946C800D7BE77 /* AccountSecurityView */,
			);
			path = View;
			sourceTree = "<group>";
		};
		641BAF6D248568B700E220F1 = {
			isa = PBXGroup;
			children = (
				641BAF78248568B700E220F1 /* FairAppIOS */,
				641BAF77248568B700E220F1 /* Products */,
				0F0F9AB9B03C6D8F7A0BEEB4 /* Pods */,
				7930F87AD3E075CD88646FD5 /* Frameworks */,
			);
			sourceTree = "<group>";
		};
		641BAF77248568B700E220F1 /* Products */ = {
			isa = PBXGroup;
			children = (
				641BAF76248568B700E220F1 /* FairAppIOS.app */,
			);
			name = Products;
			sourceTree = "<group>";
		};
		641BAF78248568B700E220F1 /* FairAppIOS */ = {
			isa = PBXGroup;
			children = (
				6487608B24867C9200B12022 /* ModuleTest */,
				641BAF922485696D00E220F1 /* View */,
				641BAF912485696700E220F1 /* Model */,
				641BAF902485695E00E220F1 /* App */,
				641BAF82248568BA00E220F1 /* Assets.xcassets */,
				6426E24124856DE90033C704 /* GoogleService-Info.plist */,
				641BAF87248568BA00E220F1 /* LaunchScreen.storyboard */,
				641BAF8A248568BA00E220F1 /* Info.plist */,
				641BAF7D248568B700E220F1 /* FairAppIOS.xcdatamodeld */,
				641BAF84248568BA00E220F1 /* Preview Content */,
			);
			path = FairAppIOS;
			sourceTree = "<group>";
		};
		641BAF84248568BA00E220F1 /* Preview Content */ = {
			isa = PBXGroup;
			children = (
				641BAF85248568BA00E220F1 /* Preview Assets.xcassets */,
			);
			path = "Preview Content";
			sourceTree = "<group>";
		};
		641BAF902485695E00E220F1 /* App */ = {
			isa = PBXGroup;
			children = (
				641BAF79248568B700E220F1 /* AppDelegate.swift */,
				641BAF7B248568B700E220F1 /* SceneDelegate.swift */,
			);
			path = App;
			sourceTree = "<group>";
		};
		641BAF912485696700E220F1 /* Model */ = {
			isa = PBXGroup;
			children = (
				641872FC249937C900D7BE77 /* ViewModel */,
				641872FB2499379400D7BE77 /* FirebaseModel */,
				6487608C2486A91700B12022 /* Network */,
			);
			path = Model;
			sourceTree = "<group>";
		};
		641BAF922485696D00E220F1 /* View */ = {
			isa = PBXGroup;
			children = (
				640C706824884928004CCF62 /* MainView */,
				64B0D78B2485CC0800E3FAFA /* Component */,
				64B0D78A2485CBF900E3FAFA /* Login */,
			);
			path = View;
			sourceTree = "<group>";
		};
		6487608B24867C9200B12022 /* ModuleTest */ = {
			isa = PBXGroup;
			children = (
				6487608924867B8C00B12022 /* TestContextMenu.swift */,
				640C709424917FD5004CCF62 /* TestHttpRequestFetch.swift */,
			);
			path = ModuleTest;
			sourceTree = "<group>";
		};
		6487608C2486A91700B12022 /* Network */ = {
			isa = PBXGroup;
			children = (
				640C708E24917D41004CCF62 /* HttpRequest */,
				640C70962491CB13004CCF62 /* NetworkConstant.swift */,
			);
			path = Network;
			sourceTree = "<group>";
		};
		64B0D7852485A45300E3FAFA /* AuthSession */ = {
			isa = PBXGroup;
			children = (
				64B0D7862485A46700E3FAFA /* AuthSessionStore.swift */,
			);
			path = AuthSession;
			sourceTree = "<group>";
		};
		64B0D78A2485CBF900E3FAFA /* Login */ = {
			isa = PBXGroup;
			children = (
				641BAF80248568B700E220F1 /* MainView.swift */,
				641872F82499237F00D7BE77 /* SignIn */,
				641872F5249501ED00D7BE77 /* PreLogin */,
				640C708D249174E2004CCF62 /* SignUp */,
			);
			path = Login;
			sourceTree = "<group>";
		};
		64B0D78B2485CC0800E3FAFA /* Component */ = {
			isa = PBXGroup;
			children = (
				64B0D78C2485CC2B00E3FAFA /* LabelledDivider.swift */,
				64E45F2425012D9100288B1F /* BottomSheetView.swift */,
				64DDA01F25082029004EB64E /* RatingStar.swift */,
				64DDA0212508204B004EB64E /* ActivityIndicator.swift */,
			);
			path = Component;
			sourceTree = "<group>";
		};
		64DDA02525094933004EB64E /* Header */ = {
			isa = PBXGroup;
			children = (
				64DDA023250948C3004EB64E /* ReviewView.swift */,
				64DDA0262509494F004EB64E /* StoreHeaderView.swift */,
			);
			path = Header;
			sourceTree = "<group>";
		};
		64DDA02825094969004EB64E /* StoreSchedule */ = {
			isa = PBXGroup;
			children = (
				64DDA02C25094C03004EB64E /* StoreScheduleView.swift */,
			);
			path = StoreSchedule;
			sourceTree = "<group>";
		};
		64DDA02925094987004EB64E /* StoreOfferring */ = {
			isa = PBXGroup;
			children = (
				64DDA02E25094C37004EB64E /* StoreOfferringView.swift */,
			);
			path = StoreOfferring;
			sourceTree = "<group>";
		};
		64DDA02A25094994004EB64E /* StoreActivity */ = {
			isa = PBXGroup;
			children = (
				64DDA03025094C5B004EB64E /* StoreActivityView.swift */,
			);
			path = StoreActivity;
			sourceTree = "<group>";
		};
		64DDA02B25094AA6004EB64E /* StoreRecommend */ = {
			isa = PBXGroup;
			children = (
				64DDA03225094F76004EB64E /* StoreRecommendView.swift */,
			);
			path = StoreRecommend;
			sourceTree = "<group>";
		};
		7930F87AD3E075CD88646FD5 /* Frameworks */ = {
			isa = PBXGroup;
			children = (
				C1F363346B189EA5809F2B98 /* Pods_FairAppIOS.framework */,
			);
			name = Frameworks;
			sourceTree = "<group>";
		};
/* End PBXGroup section */

/* Begin PBXNativeTarget section */
		641BAF75248568B700E220F1 /* FairAppIOS */ = {
			isa = PBXNativeTarget;
			buildConfigurationList = 641BAF8D248568BA00E220F1 /* Build configuration list for PBXNativeTarget "FairAppIOS" */;
			buildPhases = (
				D36BB125508E2DB59A0A9A9F /* [CP] Check Pods Manifest.lock */,
				641BAF72248568B700E220F1 /* Sources */,
				641BAF73248568B700E220F1 /* Frameworks */,
				641BAF74248568B700E220F1 /* Resources */,
				E9A8E29BD1BD3E91FD560449 /* [CP] Embed Pods Frameworks */,
			);
			buildRules = (
			);
			dependencies = (
			);
			name = FairAppIOS;
			productName = FairAppIOS;
			productReference = 641BAF76248568B700E220F1 /* FairAppIOS.app */;
			productType = "com.apple.product-type.application";
		};
/* End PBXNativeTarget section */

/* Begin PBXProject section */
		641BAF6E248568B700E220F1 /* Project object */ = {
			isa = PBXProject;
			attributes = {
				LastSwiftUpdateCheck = 1130;
				LastUpgradeCheck = 1130;
				ORGANIZATIONNAME = "Mo's Company";
				TargetAttributes = {
					641BAF75248568B700E220F1 = {
						CreatedOnToolsVersion = 11.3.1;
					};
				};
			};
			buildConfigurationList = 641BAF71248568B700E220F1 /* Build configuration list for PBXProject "FairAppIOS" */;
			compatibilityVersion = "Xcode 9.3";
			developmentRegion = en;
			hasScannedForEncodings = 0;
			knownRegions = (
				en,
				Base,
			);
			mainGroup = 641BAF6D248568B700E220F1;
			productRefGroup = 641BAF77248568B700E220F1 /* Products */;
			projectDirPath = "";
			projectRoot = "";
			targets = (
				641BAF75248568B700E220F1 /* FairAppIOS */,
			);
		};
/* End PBXProject section */

/* Begin PBXResourcesBuildPhase section */
		641BAF74248568B700E220F1 /* Resources */ = {
			isa = PBXResourcesBuildPhase;
			buildActionMask = 2147483647;
			files = (
				641BAF89248568BA00E220F1 /* LaunchScreen.storyboard in Resources */,
				6426E24224856DE90033C704 /* GoogleService-Info.plist in Resources */,
				641BAF86248568BA00E220F1 /* Preview Assets.xcassets in Resources */,
				641BAF83248568BA00E220F1 /* Assets.xcassets in Resources */,
			);
			runOnlyForDeploymentPostprocessing = 0;
		};
/* End PBXResourcesBuildPhase section */

/* Begin PBXShellScriptBuildPhase section */
		D36BB125508E2DB59A0A9A9F /* [CP] Check Pods Manifest.lock */ = {
			isa = PBXShellScriptBuildPhase;
			buildActionMask = 2147483647;
			files = (
			);
			inputFileListPaths = (
			);
			inputPaths = (
				"${PODS_PODFILE_DIR_PATH}/Podfile.lock",
				"${PODS_ROOT}/Manifest.lock",
			);
			name = "[CP] Check Pods Manifest.lock";
			outputFileListPaths = (
			);
			outputPaths = (
				"$(DERIVED_FILE_DIR)/Pods-FairAppIOS-checkManifestLockResult.txt",
			);
			runOnlyForDeploymentPostprocessing = 0;
			shellPath = /bin/sh;
			shellScript = "diff \"${PODS_PODFILE_DIR_PATH}/Podfile.lock\" \"${PODS_ROOT}/Manifest.lock\" > /dev/null\nif [ $? != 0 ] ; then\n    # print error to STDERR\n    echo \"error: The sandbox is not in sync with the Podfile.lock. Run 'pod install' or update your CocoaPods installation.\" >&2\n    exit 1\nfi\n# This output is used by Xcode 'outputs' to avoid re-running this script phase.\necho \"SUCCESS\" > \"${SCRIPT_OUTPUT_FILE_0}\"\n";
			showEnvVarsInLog = 0;
		};
		E9A8E29BD1BD3E91FD560449 /* [CP] Embed Pods Frameworks */ = {
			isa = PBXShellScriptBuildPhase;
			buildActionMask = 2147483647;
			files = (
			);
			inputFileListPaths = (
				"${PODS_ROOT}/Target Support Files/Pods-FairAppIOS/Pods-FairAppIOS-frameworks-${CONFIGURATION}-input-files.xcfilelist",
			);
			name = "[CP] Embed Pods Frameworks";
			outputFileListPaths = (
				"${PODS_ROOT}/Target Support Files/Pods-FairAppIOS/Pods-FairAppIOS-frameworks-${CONFIGURATION}-output-files.xcfilelist",
			);
			runOnlyForDeploymentPostprocessing = 0;
			shellPath = /bin/sh;
			shellScript = "\"${PODS_ROOT}/Target Support Files/Pods-FairAppIOS/Pods-FairAppIOS-frameworks.sh\"\n";
			showEnvVarsInLog = 0;
		};
/* End PBXShellScriptBuildPhase section */

/* Begin PBXSourcesBuildPhase section */
		641BAF72248568B700E220F1 /* Sources */ = {
			isa = PBXSourcesBuildPhase;
			buildActionMask = 2147483647;
			files = (
				648760832485D9A100B12022 /* SignInView.swift in Sources */,
				640C706D2488497C004CCF62 /* HomeView.swift in Sources */,
				641BAF7A248568B700E220F1 /* AppDelegate.swift in Sources */,
				640C708A24914897004CCF62 /* FirebaseImagePickerModel.swift in Sources */,
				640C70972491CB13004CCF62 /* NetworkConstant.swift in Sources */,
				64B0D7872485A46700E3FAFA /* AuthSessionStore.swift in Sources */,
				6487608E2486A93000B12022 /* SignUpMarketSelectionManager.swift in Sources */,
				640C7088249147D1004CCF62 /* FirebaseStorageModel.swift in Sources */,
				6418731124994D2100D7BE77 /* AccountHelpFAQView.swift in Sources */,
				64DDA0272509494F004EB64E /* StoreHeaderView.swift in Sources */,
				6487608824860BE600B12022 /* MarketSearchView.swift in Sources */,
				64DDA024250948C3004EB64E /* ReviewView.swift in Sources */,
				640C708C24916A51004CCF62 /* FirebaseImageView.swift in Sources */,
				64E45F2525012D9100288B1F /* BottomSheetView.swift in Sources */,
				64DDA02D25094C03004EB64E /* StoreScheduleView.swift in Sources */,
				640C7083248DB250004CCF62 /* MessageView.swift in Sources */,
				640773B024BB9E1600466515 /* ScheduleWeekday.swift in Sources */,
				64187316249E71E700D7BE77 /* ProductEditView.swift in Sources */,
				641872FA249936A500D7BE77 /* ProductDetailView.swift in Sources */,
				64DDA0222508204B004EB64E /* ActivityIndicator.swift in Sources */,
				640C707F248DB23A004CCF62 /* ContentView.swift in Sources */,
				64B0D7892485C05C00E3FAFA /* AuthView.swift in Sources */,
				6418731324994D6F00D7BE77 /* AccountNotificationView.swift in Sources */,
				640C7079248DB215004CCF62 /* ScheduleView.swift in Sources */,
				641872F72495023A00D7BE77 /* PreLogin.swift in Sources */,
				6418730F24994D0D00D7BE77 /* AccountSecurityView.swift in Sources */,
				641BAF7F248568B700E220F1 /* FairAppIOS.xcdatamodeld in Sources */,
				640C707124884A22004CCF62 /* AccountInfoView.swift in Sources */,
				640C707B248DB221004CCF62 /* ProductListView.swift in Sources */,
				6418730324993E6000D7BE77 /* ProductListElementDetail.swift in Sources */,
				640C709524917FD5004CCF62 /* TestHttpRequestFetch.swift in Sources */,
				648760812485D26500B12022 /* SignUpView.swift in Sources */,
				648760862485DF2200B12022 /* VendorProfileConstants.swift in Sources */,
				641BAF81248568B700E220F1 /* MainView.swift in Sources */,
				64DDA02025082029004EB64E /* RatingStar.swift in Sources */,
				6418730D24994CF600D7BE77 /* BusinessInfoView.swift in Sources */,
				64DDA03125094C5B004EB64E /* StoreActivityView.swift in Sources */,
				640C707D248DB22E004CCF62 /* DealView.swift in Sources */,
				6418731A249EA59000D7BE77 /* ProductViewConstants.swift in Sources */,
				641BAF7C248568B700E220F1 /* SceneDelegate.swift in Sources */,
				6487608A24867B8C00B12022 /* TestContextMenu.swift in Sources */,
				640C7081248DB244004CCF62 /* OrderView.swift in Sources */,
				64187318249E720300D7BE77 /* ProductCreateView.swift in Sources */,
				64DDA03325094F76004EB64E /* StoreRecommendView.swift in Sources */,
				640C706F24884A14004CCF62 /* StoreView.swift in Sources */,
				640C709324917D9F004CCF62 /* VendorProfileHttpRequest.swift in Sources */,
				64B0D78D2485CC2B00E3FAFA /* LabelledDivider.swift in Sources */,
				64DDA02F25094C37004EB64E /* StoreOfferringView.swift in Sources */,
				6418730B24994C9000D7BE77 /* AccountProfileView.swift in Sources */,
				641872FE2499382200D7BE77 /* ProductListElement.swift in Sources */,
			);
			runOnlyForDeploymentPostprocessing = 0;
		};
/* End PBXSourcesBuildPhase section */

/* Begin PBXVariantGroup section */
		641BAF87248568BA00E220F1 /* LaunchScreen.storyboard */ = {
			isa = PBXVariantGroup;
			children = (
				641BAF88248568BA00E220F1 /* Base */,
			);
			name = LaunchScreen.storyboard;
			sourceTree = "<group>";
		};
/* End PBXVariantGroup section */

/* Begin XCBuildConfiguration section */
		641BAF8B248568BA00E220F1 /* Debug */ = {
			isa = XCBuildConfiguration;
			buildSettings = {
				ALWAYS_SEARCH_USER_PATHS = NO;
				CLANG_ANALYZER_NONNULL = YES;
				CLANG_ANALYZER_NUMBER_OBJECT_CONVERSION = YES_AGGRESSIVE;
				CLANG_CXX_LANGUAGE_STANDARD = "gnu++14";
				CLANG_CXX_LIBRARY = "libc++";
				CLANG_ENABLE_MODULES = YES;
				CLANG_ENABLE_OBJC_ARC = YES;
				CLANG_ENABLE_OBJC_WEAK = YES;
				CLANG_WARN_BLOCK_CAPTURE_AUTORELEASING = YES;
				CLANG_WARN_BOOL_CONVERSION = YES;
				CLANG_WARN_COMMA = YES;
				CLANG_WARN_CONSTANT_CONVERSION = YES;
				CLANG_WARN_DEPRECATED_OBJC_IMPLEMENTATIONS = YES;
				CLANG_WARN_DIRECT_OBJC_ISA_USAGE = YES_ERROR;
				CLANG_WARN_DOCUMENTATION_COMMENTS = YES;
				CLANG_WARN_EMPTY_BODY = YES;
				CLANG_WARN_ENUM_CONVERSION = YES;
				CLANG_WARN_INFINITE_RECURSION = YES;
				CLANG_WARN_INT_CONVERSION = YES;
				CLANG_WARN_NON_LITERAL_NULL_CONVERSION = YES;
				CLANG_WARN_OBJC_IMPLICIT_RETAIN_SELF = YES;
				CLANG_WARN_OBJC_LITERAL_CONVERSION = YES;
				CLANG_WARN_OBJC_ROOT_CLASS = YES_ERROR;
				CLANG_WARN_RANGE_LOOP_ANALYSIS = YES;
				CLANG_WARN_STRICT_PROTOTYPES = YES;
				CLANG_WARN_SUSPICIOUS_MOVE = YES;
				CLANG_WARN_UNGUARDED_AVAILABILITY = YES_AGGRESSIVE;
				CLANG_WARN_UNREACHABLE_CODE = YES;
				CLANG_WARN__DUPLICATE_METHOD_MATCH = YES;
				COPY_PHASE_STRIP = NO;
				DEBUG_INFORMATION_FORMAT = dwarf;
				ENABLE_STRICT_OBJC_MSGSEND = YES;
				ENABLE_TESTABILITY = YES;
				GCC_C_LANGUAGE_STANDARD = gnu11;
				GCC_DYNAMIC_NO_PIC = NO;
				GCC_NO_COMMON_BLOCKS = YES;
				GCC_OPTIMIZATION_LEVEL = 0;
				GCC_PREPROCESSOR_DEFINITIONS = (
					"DEBUG=1",
					"$(inherited)",
				);
				GCC_WARN_64_TO_32_BIT_CONVERSION = YES;
				GCC_WARN_ABOUT_RETURN_TYPE = YES_ERROR;
				GCC_WARN_UNDECLARED_SELECTOR = YES;
				GCC_WARN_UNINITIALIZED_AUTOS = YES_AGGRESSIVE;
				GCC_WARN_UNUSED_FUNCTION = YES;
				GCC_WARN_UNUSED_VARIABLE = YES;
				IPHONEOS_DEPLOYMENT_TARGET = 13.2;
				MTL_ENABLE_DEBUG_INFO = INCLUDE_SOURCE;
				MTL_FAST_MATH = YES;
				ONLY_ACTIVE_ARCH = YES;
				SDKROOT = iphoneos;
				SWIFT_ACTIVE_COMPILATION_CONDITIONS = DEBUG;
				SWIFT_OPTIMIZATION_LEVEL = "-Onone";
			};
			name = Debug;
		};
		641BAF8C248568BA00E220F1 /* Release */ = {
			isa = XCBuildConfiguration;
			buildSettings = {
				ALWAYS_SEARCH_USER_PATHS = NO;
				CLANG_ANALYZER_NONNULL = YES;
				CLANG_ANALYZER_NUMBER_OBJECT_CONVERSION = YES_AGGRESSIVE;
				CLANG_CXX_LANGUAGE_STANDARD = "gnu++14";
				CLANG_CXX_LIBRARY = "libc++";
				CLANG_ENABLE_MODULES = YES;
				CLANG_ENABLE_OBJC_ARC = YES;
				CLANG_ENABLE_OBJC_WEAK = YES;
				CLANG_WARN_BLOCK_CAPTURE_AUTORELEASING = YES;
				CLANG_WARN_BOOL_CONVERSION = YES;
				CLANG_WARN_COMMA = YES;
				CLANG_WARN_CONSTANT_CONVERSION = YES;
				CLANG_WARN_DEPRECATED_OBJC_IMPLEMENTATIONS = YES;
				CLANG_WARN_DIRECT_OBJC_ISA_USAGE = YES_ERROR;
				CLANG_WARN_DOCUMENTATION_COMMENTS = YES;
				CLANG_WARN_EMPTY_BODY = YES;
				CLANG_WARN_ENUM_CONVERSION = YES;
				CLANG_WARN_INFINITE_RECURSION = YES;
				CLANG_WARN_INT_CONVERSION = YES;
				CLANG_WARN_NON_LITERAL_NULL_CONVERSION = YES;
				CLANG_WARN_OBJC_IMPLICIT_RETAIN_SELF = YES;
				CLANG_WARN_OBJC_LITERAL_CONVERSION = YES;
				CLANG_WARN_OBJC_ROOT_CLASS = YES_ERROR;
				CLANG_WARN_RANGE_LOOP_ANALYSIS = YES;
				CLANG_WARN_STRICT_PROTOTYPES = YES;
				CLANG_WARN_SUSPICIOUS_MOVE = YES;
				CLANG_WARN_UNGUARDED_AVAILABILITY = YES_AGGRESSIVE;
				CLANG_WARN_UNREACHABLE_CODE = YES;
				CLANG_WARN__DUPLICATE_METHOD_MATCH = YES;
				COPY_PHASE_STRIP = NO;
				DEBUG_INFORMATION_FORMAT = "dwarf-with-dsym";
				ENABLE_NS_ASSERTIONS = NO;
				ENABLE_STRICT_OBJC_MSGSEND = YES;
				GCC_C_LANGUAGE_STANDARD = gnu11;
				GCC_NO_COMMON_BLOCKS = YES;
				GCC_WARN_64_TO_32_BIT_CONVERSION = YES;
				GCC_WARN_ABOUT_RETURN_TYPE = YES_ERROR;
				GCC_WARN_UNDECLARED_SELECTOR = YES;
				GCC_WARN_UNINITIALIZED_AUTOS = YES_AGGRESSIVE;
				GCC_WARN_UNUSED_FUNCTION = YES;
				GCC_WARN_UNUSED_VARIABLE = YES;
				IPHONEOS_DEPLOYMENT_TARGET = 13.2;
				MTL_ENABLE_DEBUG_INFO = NO;
				MTL_FAST_MATH = YES;
				SDKROOT = iphoneos;
				SWIFT_COMPILATION_MODE = wholemodule;
				SWIFT_OPTIMIZATION_LEVEL = "-O";
				VALIDATE_PRODUCT = YES;
			};
			name = Release;
		};
		641BAF8E248568BA00E220F1 /* Debug */ = {
			isa = XCBuildConfiguration;
			baseConfigurationReference = AFC86365BC570E99FA324994 /* Pods-FairAppIOS.debug.xcconfig */;
			buildSettings = {
				ASSETCATALOG_COMPILER_APPICON_NAME = AppIcon;
				CODE_SIGN_STYLE = Automatic;
				DEVELOPMENT_ASSET_PATHS = "\"FairAppIOS/Preview Content\"";
				ENABLE_PREVIEWS = YES;
				INFOPLIST_FILE = FairAppIOS/Info.plist;
				IPHONEOS_DEPLOYMENT_TARGET = 13.0;
				LD_RUNPATH_SEARCH_PATHS = (
					"$(inherited)",
					"@executable_path/Frameworks",
				);
				PRODUCT_BUNDLE_IDENTIFIER = TheFair.FairAppIOS;
				PRODUCT_NAME = "$(TARGET_NAME)";
				SWIFT_VERSION = 5.0;
				TARGETED_DEVICE_FAMILY = 1;
			};
			name = Debug;
		};
		641BAF8F248568BA00E220F1 /* Release */ = {
			isa = XCBuildConfiguration;
			baseConfigurationReference = DCCFF96749B93925A04AB892 /* Pods-FairAppIOS.release.xcconfig */;
			buildSettings = {
				ASSETCATALOG_COMPILER_APPICON_NAME = AppIcon;
				CODE_SIGN_STYLE = Automatic;
				DEVELOPMENT_ASSET_PATHS = "\"FairAppIOS/Preview Content\"";
				ENABLE_PREVIEWS = YES;
				INFOPLIST_FILE = FairAppIOS/Info.plist;
				IPHONEOS_DEPLOYMENT_TARGET = 13.0;
				LD_RUNPATH_SEARCH_PATHS = (
					"$(inherited)",
					"@executable_path/Frameworks",
				);
				PRODUCT_BUNDLE_IDENTIFIER = TheFair.FairAppIOS;
				PRODUCT_NAME = "$(TARGET_NAME)";
				SWIFT_VERSION = 5.0;
				TARGETED_DEVICE_FAMILY = 1;
			};
			name = Release;
		};
/* End XCBuildConfiguration section */

/* Begin XCConfigurationList section */
		641BAF71248568B700E220F1 /* Build configuration list for PBXProject "FairAppIOS" */ = {
			isa = XCConfigurationList;
			buildConfigurations = (
				641BAF8B248568BA00E220F1 /* Debug */,
				641BAF8C248568BA00E220F1 /* Release */,
			);
			defaultConfigurationIsVisible = 0;
			defaultConfigurationName = Release;
		};
		641BAF8D248568BA00E220F1 /* Build configuration list for PBXNativeTarget "FairAppIOS" */ = {
			isa = XCConfigurationList;
			buildConfigurations = (
				641BAF8E248568BA00E220F1 /* Debug */,
				641BAF8F248568BA00E220F1 /* Release */,
			);
			defaultConfigurationIsVisible = 0;
			defaultConfigurationName = Release;
		};
/* End XCConfigurationList section */

/* Begin XCVersionGroup section */
		641BAF7D248568B700E220F1 /* FairAppIOS.xcdatamodeld */ = {
			isa = XCVersionGroup;
			children = (
				641BAF7E248568B700E220F1 /* FairAppIOS.xcdatamodel */,
			);
			currentVersion = 641BAF7E248568B700E220F1 /* FairAppIOS.xcdatamodel */;
			path = FairAppIOS.xcdatamodeld;
			sourceTree = "<group>";
			versionGroupType = wrapper.xcdatamodel;
		};
/* End XCVersionGroup section */
	};
	rootObject = 641BAF6E248568B700E220F1 /* Project object */;
}
