// !$*UTF8*$!
{
	archiveVersion = 1;
	classes = {
	};
	objectVersion = 51;
	objects = {

/* Begin PBXBuildFile section */
		16C434E6F1DA140451251003 /* Pods_FairAppIOS.framework in Frameworks */ = {isa = PBXBuildFile; fileRef = C1F363346B189EA5809F2B98 /* Pods_FairAppIOS.framework */; };
		641BAF7A248568B700E220F1 /* AppDelegate.swift in Sources */ = {isa = PBXBuildFile; fileRef = 641BAF79248568B700E220F1 /* AppDelegate.swift */; };
		641BAF7C248568B700E220F1 /* SceneDelegate.swift in Sources */ = {isa = PBXBuildFile; fileRef = 641BAF7B248568B700E220F1 /* SceneDelegate.swift */; };
		641BAF7F248568B700E220F1 /* FairAppIOS.xcdatamodeld in Sources */ = {isa = PBXBuildFile; fileRef = 641BAF7D248568B700E220F1 /* FairAppIOS.xcdatamodeld */; };
		641BAF81248568B700E220F1 /* ContentView.swift in Sources */ = {isa = PBXBuildFile; fileRef = 641BAF80248568B700E220F1 /* ContentView.swift */; };
		641BAF83248568BA00E220F1 /* Assets.xcassets in Resources */ = {isa = PBXBuildFile; fileRef = 641BAF82248568BA00E220F1 /* Assets.xcassets */; };
		641BAF86248568BA00E220F1 /* Preview Assets.xcassets in Resources */ = {isa = PBXBuildFile; fileRef = 641BAF85248568BA00E220F1 /* Preview Assets.xcassets */; };
		641BAF89248568BA00E220F1 /* LaunchScreen.storyboard in Resources */ = {isa = PBXBuildFile; fileRef = 641BAF87248568BA00E220F1 /* LaunchScreen.storyboard */; };
		6426E24224856DE90033C704 /* GoogleService-Info.plist in Resources */ = {isa = PBXBuildFile; fileRef = 6426E24124856DE90033C704 /* GoogleService-Info.plist */; };
		648760812485D26500B12022 /* SignUpView.swift in Sources */ = {isa = PBXBuildFile; fileRef = 648760802485D26500B12022 /* SignUpView.swift */; };
		648760832485D9A100B12022 /* SignInView.swift in Sources */ = {isa = PBXBuildFile; fileRef = 648760822485D9A100B12022 /* SignInView.swift */; };
		648760862485DF2200B12022 /* UserProfileConstants.swift in Sources */ = {isa = PBXBuildFile; fileRef = 648760852485DF2200B12022 /* UserProfileConstants.swift */; };
		6487608824860BE600B12022 /* MarketSearchView.swift in Sources */ = {isa = PBXBuildFile; fileRef = 6487608724860BE500B12022 /* MarketSearchView.swift */; };
		6487608A24867B8C00B12022 /* TestContextMenu.swift in Sources */ = {isa = PBXBuildFile; fileRef = 6487608924867B8C00B12022 /* TestContextMenu.swift */; };
		6487608E2486A93000B12022 /* NetworkManager.swift in Sources */ = {isa = PBXBuildFile; fileRef = 6487608D2486A93000B12022 /* NetworkManager.swift */; };
		64B0D7872485A46700E3FAFA /* SessionStore.swift in Sources */ = {isa = PBXBuildFile; fileRef = 64B0D7862485A46700E3FAFA /* SessionStore.swift */; };
		64B0D7892485C05C00E3FAFA /* AuthView.swift in Sources */ = {isa = PBXBuildFile; fileRef = 64B0D7882485C05C00E3FAFA /* AuthView.swift */; };
		64B0D78D2485CC2B00E3FAFA /* LabelledDivider.swift in Sources */ = {isa = PBXBuildFile; fileRef = 64B0D78C2485CC2B00E3FAFA /* LabelledDivider.swift */; };
/* End PBXBuildFile section */

/* Begin PBXFileReference section */
		641BAF76248568B700E220F1 /* FairAppIOS.app */ = {isa = PBXFileReference; explicitFileType = wrapper.application; includeInIndex = 0; path = FairAppIOS.app; sourceTree = BUILT_PRODUCTS_DIR; };
		641BAF79248568B700E220F1 /* AppDelegate.swift */ = {isa = PBXFileReference; lastKnownFileType = sourcecode.swift; path = AppDelegate.swift; sourceTree = "<group>"; };
		641BAF7B248568B700E220F1 /* SceneDelegate.swift */ = {isa = PBXFileReference; lastKnownFileType = sourcecode.swift; path = SceneDelegate.swift; sourceTree = "<group>"; };
		641BAF7E248568B700E220F1 /* FairAppIOS.xcdatamodel */ = {isa = PBXFileReference; lastKnownFileType = wrapper.xcdatamodel; path = FairAppIOS.xcdatamodel; sourceTree = "<group>"; };
		641BAF80248568B700E220F1 /* ContentView.swift */ = {isa = PBXFileReference; lastKnownFileType = sourcecode.swift; path = ContentView.swift; sourceTree = "<group>"; };
		641BAF82248568BA00E220F1 /* Assets.xcassets */ = {isa = PBXFileReference; lastKnownFileType = folder.assetcatalog; path = Assets.xcassets; sourceTree = "<group>"; };
		641BAF85248568BA00E220F1 /* Preview Assets.xcassets */ = {isa = PBXFileReference; lastKnownFileType = folder.assetcatalog; path = "Preview Assets.xcassets"; sourceTree = "<group>"; };
		641BAF88248568BA00E220F1 /* Base */ = {isa = PBXFileReference; lastKnownFileType = file.storyboard; name = Base; path = Base.lproj/LaunchScreen.storyboard; sourceTree = "<group>"; };
		641BAF8A248568BA00E220F1 /* Info.plist */ = {isa = PBXFileReference; lastKnownFileType = text.plist.xml; path = Info.plist; sourceTree = "<group>"; };
		6426E24124856DE90033C704 /* GoogleService-Info.plist */ = {isa = PBXFileReference; fileEncoding = 4; lastKnownFileType = text.plist.xml; path = "GoogleService-Info.plist"; sourceTree = "<group>"; };
		648760802485D26500B12022 /* SignUpView.swift */ = {isa = PBXFileReference; lastKnownFileType = sourcecode.swift; path = SignUpView.swift; sourceTree = "<group>"; };
		648760822485D9A100B12022 /* SignInView.swift */ = {isa = PBXFileReference; lastKnownFileType = sourcecode.swift; path = SignInView.swift; sourceTree = "<group>"; };
		648760852485DF2200B12022 /* UserProfileConstants.swift */ = {isa = PBXFileReference; lastKnownFileType = sourcecode.swift; path = UserProfileConstants.swift; sourceTree = "<group>"; };
		6487608724860BE500B12022 /* MarketSearchView.swift */ = {isa = PBXFileReference; lastKnownFileType = sourcecode.swift; path = MarketSearchView.swift; sourceTree = "<group>"; };
		6487608924867B8C00B12022 /* TestContextMenu.swift */ = {isa = PBXFileReference; lastKnownFileType = sourcecode.swift; path = TestContextMenu.swift; sourceTree = "<group>"; };
		6487608D2486A93000B12022 /* NetworkManager.swift */ = {isa = PBXFileReference; lastKnownFileType = sourcecode.swift; path = NetworkManager.swift; sourceTree = "<group>"; };
		64B0D7862485A46700E3FAFA /* SessionStore.swift */ = {isa = PBXFileReference; lastKnownFileType = sourcecode.swift; path = SessionStore.swift; sourceTree = "<group>"; };
		64B0D7882485C05C00E3FAFA /* AuthView.swift */ = {isa = PBXFileReference; lastKnownFileType = sourcecode.swift; path = AuthView.swift; sourceTree = "<group>"; };
		64B0D78C2485CC2B00E3FAFA /* LabelledDivider.swift */ = {isa = PBXFileReference; lastKnownFileType = sourcecode.swift; path = LabelledDivider.swift; sourceTree = "<group>"; };
		AFC86365BC570E99FA324994 /* Pods-FairAppIOS.debug.xcconfig */ = {isa = PBXFileReference; includeInIndex = 1; lastKnownFileType = text.xcconfig; name = "Pods-FairAppIOS.debug.xcconfig"; path = "Target Support Files/Pods-FairAppIOS/Pods-FairAppIOS.debug.xcconfig"; sourceTree = "<group>"; };
		C1F363346B189EA5809F2B98 /* Pods_FairAppIOS.framework */ = {isa = PBXFileReference; explicitFileType = wrapper.framework; includeInIndex = 0; path = Pods_FairAppIOS.framework; sourceTree = BUILT_PRODUCTS_DIR; };
		DCCFF96749B93925A04AB892 /* Pods-FairAppIOS.release.xcconfig */ = {isa = PBXFileReference; includeInIndex = 1; lastKnownFileType = text.xcconfig; name = "Pods-FairAppIOS.release.xcconfig"; path = "Target Support Files/Pods-FairAppIOS/Pods-FairAppIOS.release.xcconfig"; sourceTree = "<group>"; };
/* End PBXFileReference section */

/* Begin PBXFrameworksBuildPhase section */
		641BAF73248568B700E220F1 /* Frameworks */ = {
			isa = PBXFrameworksBuildPhase;
			buildActionMask = 2147483647;
			files = (
				16C434E6F1DA140451251003 /* Pods_FairAppIOS.framework in Frameworks */,
			);
			runOnlyForDeploymentPostprocessing = 0;
		};
/* End PBXFrameworksBuildPhase section */

/* Begin PBXGroup section */
		0F0F9AB9B03C6D8F7A0BEEB4 /* Pods */ = {
			isa = PBXGroup;
			children = (
				AFC86365BC570E99FA324994 /* Pods-FairAppIOS.debug.xcconfig */,
				DCCFF96749B93925A04AB892 /* Pods-FairAppIOS.release.xcconfig */,
			);
			path = Pods;
			sourceTree = "<group>";
		};
		641BAF6D248568B700E220F1 = {
			isa = PBXGroup;
			children = (
				641BAF78248568B700E220F1 /* FairAppIOS */,
				641BAF77248568B700E220F1 /* Products */,
				0F0F9AB9B03C6D8F7A0BEEB4 /* Pods */,
				7930F87AD3E075CD88646FD5 /* Frameworks */,
			);
			sourceTree = "<group>";
		};
		641BAF77248568B700E220F1 /* Products */ = {
			isa = PBXGroup;
			children = (
				641BAF76248568B700E220F1 /* FairAppIOS.app */,
			);
			name = Products;
			sourceTree = "<group>";
		};
		641BAF78248568B700E220F1 /* FairAppIOS */ = {
			isa = PBXGroup;
			children = (
				6487608B24867C9200B12022 /* ModuleTest */,
				641BAF922485696D00E220F1 /* View */,
				641BAF912485696700E220F1 /* Model */,
				641BAF902485695E00E220F1 /* App */,
				641BAF82248568BA00E220F1 /* Assets.xcassets */,
				6426E24124856DE90033C704 /* GoogleService-Info.plist */,
				641BAF87248568BA00E220F1 /* LaunchScreen.storyboard */,
				641BAF8A248568BA00E220F1 /* Info.plist */,
				641BAF7D248568B700E220F1 /* FairAppIOS.xcdatamodeld */,
				641BAF84248568BA00E220F1 /* Preview Content */,
			);
			path = FairAppIOS;
			sourceTree = "<group>";
		};
		641BAF84248568BA00E220F1 /* Preview Content */ = {
			isa = PBXGroup;
			children = (
				641BAF85248568BA00E220F1 /* Preview Assets.xcassets */,
			);
			path = "Preview Content";
			sourceTree = "<group>";
		};
		641BAF902485695E00E220F1 /* App */ = {
			isa = PBXGroup;
			children = (
				641BAF79248568B700E220F1 /* AppDelegate.swift */,
				641BAF7B248568B700E220F1 /* SceneDelegate.swift */,
			);
			path = App;
			sourceTree = "<group>";
		};
		641BAF912485696700E220F1 /* Model */ = {
			isa = PBXGroup;
			children = (
				6487608C2486A91700B12022 /* Network */,
				648760842485DF0C00B12022 /* UserProfile */,
				64B0D7852485A45300E3FAFA /* AuthSession */,
			);
			path = Model;
			sourceTree = "<group>";
		};
		641BAF922485696D00E220F1 /* View */ = {
			isa = PBXGroup;
			children = (
				64B0D78B2485CC0800E3FAFA /* Component */,
				64B0D78A2485CBF900E3FAFA /* Login */,
			);
			path = View;
			sourceTree = "<group>";
		};
		648760842485DF0C00B12022 /* UserProfile */ = {
			isa = PBXGroup;
			children = (
				648760852485DF2200B12022 /* UserProfileConstants.swift */,
			);
			path = UserProfile;
			sourceTree = "<group>";
		};
		6487608B24867C9200B12022 /* ModuleTest */ = {
			isa = PBXGroup;
			children = (
				6487608924867B8C00B12022 /* TestContextMenu.swift */,
			);
			path = ModuleTest;
			sourceTree = "<group>";
		};
		6487608C2486A91700B12022 /* Network */ = {
			isa = PBXGroup;
			children = (
				6487608D2486A93000B12022 /* NetworkManager.swift */,
			);
			path = Network;
			sourceTree = "<group>";
		};
		64B0D7852485A45300E3FAFA /* AuthSession */ = {
			isa = PBXGroup;
			children = (
				64B0D7862485A46700E3FAFA /* SessionStore.swift */,
			);
			path = AuthSession;
			sourceTree = "<group>";
		};
		64B0D78A2485CBF900E3FAFA /* Login */ = {
			isa = PBXGroup;
			children = (
				641BAF80248568B700E220F1 /* ContentView.swift */,
				64B0D7882485C05C00E3FAFA /* AuthView.swift */,
				648760802485D26500B12022 /* SignUpView.swift */,
				648760822485D9A100B12022 /* SignInView.swift */,
				6487608724860BE500B12022 /* MarketSearchView.swift */,
			);
			path = Login;
			sourceTree = "<group>";
		};
		64B0D78B2485CC0800E3FAFA /* Component */ = {
			isa = PBXGroup;
			children = (
				64B0D78C2485CC2B00E3FAFA /* LabelledDivider.swift */,
			);
			path = Component;
			sourceTree = "<group>";
		};
		7930F87AD3E075CD88646FD5 /* Frameworks */ = {
			isa = PBXGroup;
			children = (
				C1F363346B189EA5809F2B98 /* Pods_FairAppIOS.framework */,
			);
			name = Frameworks;
			sourceTree = "<group>";
		};
/* End PBXGroup section */

/* Begin PBXNativeTarget section */
		641BAF75248568B700E220F1 /* FairAppIOS */ = {
			isa = PBXNativeTarget;
			buildConfigurationList = 641BAF8D248568BA00E220F1 /* Build configuration list for PBXNativeTarget "FairAppIOS" */;
			buildPhases = (
				D36BB125508E2DB59A0A9A9F /* [CP] Check Pods Manifest.lock */,
				641BAF72248568B700E220F1 /* Sources */,
				641BAF73248568B700E220F1 /* Frameworks */,
				641BAF74248568B700E220F1 /* Resources */,
				E9A8E29BD1BD3E91FD560449 /* [CP] Embed Pods Frameworks */,
			);
			buildRules = (
			);
			dependencies = (
			);
			name = FairAppIOS;
			productName = FairAppIOS;
			productReference = 641BAF76248568B700E220F1 /* FairAppIOS.app */;
			productType = "com.apple.product-type.application";
		};
/* End PBXNativeTarget section */

/* Begin PBXProject section */
		641BAF6E248568B700E220F1 /* Project object */ = {
			isa = PBXProject;
			attributes = {
				LastSwiftUpdateCheck = 1130;
				LastUpgradeCheck = 1130;
				ORGANIZATIONNAME = "Mo's Company";
				TargetAttributes = {
					641BAF75248568B700E220F1 = {
						CreatedOnToolsVersion = 11.3.1;
					};
				};
			};
			buildConfigurationList = 641BAF71248568B700E220F1 /* Build configuration list for PBXProject "FairAppIOS" */;
			compatibilityVersion = "Xcode 9.3";
			developmentRegion = en;
			hasScannedForEncodings = 0;
			knownRegions = (
				en,
				Base,
			);
			mainGroup = 641BAF6D248568B700E220F1;
			productRefGroup = 641BAF77248568B700E220F1 /* Products */;
			projectDirPath = "";
			projectRoot = "";
			targets = (
				641BAF75248568B700E220F1 /* FairAppIOS */,
			);
		};
/* End PBXProject section */

/* Begin PBXResourcesBuildPhase section */
		641BAF74248568B700E220F1 /* Resources */ = {
			isa = PBXResourcesBuildPhase;
			buildActionMask = 2147483647;
			files = (
				641BAF89248568BA00E220F1 /* LaunchScreen.storyboard in Resources */,
				6426E24224856DE90033C704 /* GoogleService-Info.plist in Resources */,
				641BAF86248568BA00E220F1 /* Preview Assets.xcassets in Resources */,
				641BAF83248568BA00E220F1 /* Assets.xcassets in Resources */,
			);
			runOnlyForDeploymentPostprocessing = 0;
		};
/* End PBXResourcesBuildPhase section */

/* Begin PBXShellScriptBuildPhase section */
		D36BB125508E2DB59A0A9A9F /* [CP] Check Pods Manifest.lock */ = {
			isa = PBXShellScriptBuildPhase;
			buildActionMask = 2147483647;
			files = (
			);
			inputFileListPaths = (
			);
			inputPaths = (
				"${PODS_PODFILE_DIR_PATH}/Podfile.lock",
				"${PODS_ROOT}/Manifest.lock",
			);
			name = "[CP] Check Pods Manifest.lock";
			outputFileListPaths = (
			);
			outputPaths = (
				"$(DERIVED_FILE_DIR)/Pods-FairAppIOS-checkManifestLockResult.txt",
			);
			runOnlyForDeploymentPostprocessing = 0;
			shellPath = /bin/sh;
			shellScript = "diff \"${PODS_PODFILE_DIR_PATH}/Podfile.lock\" \"${PODS_ROOT}/Manifest.lock\" > /dev/null\nif [ $? != 0 ] ; then\n    # print error to STDERR\n    echo \"error: The sandbox is not in sync with the Podfile.lock. Run 'pod install' or update your CocoaPods installation.\" >&2\n    exit 1\nfi\n# This output is used by Xcode 'outputs' to avoid re-running this script phase.\necho \"SUCCESS\" > \"${SCRIPT_OUTPUT_FILE_0}\"\n";
			showEnvVarsInLog = 0;
		};
		E9A8E29BD1BD3E91FD560449 /* [CP] Embed Pods Frameworks */ = {
			isa = PBXShellScriptBuildPhase;
			buildActionMask = 2147483647;
			files = (
			);
			inputFileListPaths = (
				"${PODS_ROOT}/Target Support Files/Pods-FairAppIOS/Pods-FairAppIOS-frameworks-${CONFIGURATION}-input-files.xcfilelist",
			);
			name = "[CP] Embed Pods Frameworks";
			outputFileListPaths = (
				"${PODS_ROOT}/Target Support Files/Pods-FairAppIOS/Pods-FairAppIOS-frameworks-${CONFIGURATION}-output-files.xcfilelist",
			);
			runOnlyForDeploymentPostprocessing = 0;
			shellPath = /bin/sh;
			shellScript = "\"${PODS_ROOT}/Target Support Files/Pods-FairAppIOS/Pods-FairAppIOS-frameworks.sh\"\n";
			showEnvVarsInLog = 0;
		};
/* End PBXShellScriptBuildPhase section */

/* Begin PBXSourcesBuildPhase section */
		641BAF72248568B700E220F1 /* Sources */ = {
			isa = PBXSourcesBuildPhase;
			buildActionMask = 2147483647;
			files = (
				648760832485D9A100B12022 /* SignInView.swift in Sources */,
				641BAF7A248568B700E220F1 /* AppDelegate.swift in Sources */,
				64B0D7872485A46700E3FAFA /* SessionStore.swift in Sources */,
				6487608E2486A93000B12022 /* NetworkManager.swift in Sources */,
				6487608824860BE600B12022 /* MarketSearchView.swift in Sources */,
				64B0D7892485C05C00E3FAFA /* AuthView.swift in Sources */,
				641BAF7F248568B700E220F1 /* FairAppIOS.xcdatamodeld in Sources */,
				648760812485D26500B12022 /* SignUpView.swift in Sources */,
				648760862485DF2200B12022 /* UserProfileConstants.swift in Sources */,
				641BAF81248568B700E220F1 /* ContentView.swift in Sources */,
				641BAF7C248568B700E220F1 /* SceneDelegate.swift in Sources */,
				6487608A24867B8C00B12022 /* TestContextMenu.swift in Sources */,
				64B0D78D2485CC2B00E3FAFA /* LabelledDivider.swift in Sources */,
			);
			runOnlyForDeploymentPostprocessing = 0;
		};
/* End PBXSourcesBuildPhase section */

/* Begin PBXVariantGroup section */
		641BAF87248568BA00E220F1 /* LaunchScreen.storyboard */ = {
			isa = PBXVariantGroup;
			children = (
				641BAF88248568BA00E220F1 /* Base */,
			);
			name = LaunchScreen.storyboard;
			sourceTree = "<group>";
		};
/* End PBXVariantGroup section */

/* Begin XCBuildConfiguration section */
		641BAF8B248568BA00E220F1 /* Debug */ = {
			isa = XCBuildConfiguration;
			buildSettings = {
				ALWAYS_SEARCH_USER_PATHS = NO;
				CLANG_ANALYZER_NONNULL = YES;
				CLANG_ANALYZER_NUMBER_OBJECT_CONVERSION = YES_AGGRESSIVE;
				CLANG_CXX_LANGUAGE_STANDARD = "gnu++14";
				CLANG_CXX_LIBRARY = "libc++";
				CLANG_ENABLE_MODULES = YES;
				CLANG_ENABLE_OBJC_ARC = YES;
				CLANG_ENABLE_OBJC_WEAK = YES;
				CLANG_WARN_BLOCK_CAPTURE_AUTORELEASING = YES;
				CLANG_WARN_BOOL_CONVERSION = YES;
				CLANG_WARN_COMMA = YES;
				CLANG_WARN_CONSTANT_CONVERSION = YES;
				CLANG_WARN_DEPRECATED_OBJC_IMPLEMENTATIONS = YES;
				CLANG_WARN_DIRECT_OBJC_ISA_USAGE = YES_ERROR;
				CLANG_WARN_DOCUMENTATION_COMMENTS = YES;
				CLANG_WARN_EMPTY_BODY = YES;
				CLANG_WARN_ENUM_CONVERSION = YES;
				CLANG_WARN_INFINITE_RECURSION = YES;
				CLANG_WARN_INT_CONVERSION = YES;
				CLANG_WARN_NON_LITERAL_NULL_CONVERSION = YES;
				CLANG_WARN_OBJC_IMPLICIT_RETAIN_SELF = YES;
				CLANG_WARN_OBJC_LITERAL_CONVERSION = YES;
				CLANG_WARN_OBJC_ROOT_CLASS = YES_ERROR;
				CLANG_WARN_RANGE_LOOP_ANALYSIS = YES;
				CLANG_WARN_STRICT_PROTOTYPES = YES;
				CLANG_WARN_SUSPICIOUS_MOVE = YES;
				CLANG_WARN_UNGUARDED_AVAILABILITY = YES_AGGRESSIVE;
				CLANG_WARN_UNREACHABLE_CODE = YES;
				CLANG_WARN__DUPLICATE_METHOD_MATCH = YES;
				COPY_PHASE_STRIP = NO;
				DEBUG_INFORMATION_FORMAT = dwarf;
				ENABLE_STRICT_OBJC_MSGSEND = YES;
				ENABLE_TESTABILITY = YES;
				GCC_C_LANGUAGE_STANDARD = gnu11;
				GCC_DYNAMIC_NO_PIC = NO;
				GCC_NO_COMMON_BLOCKS = YES;
				GCC_OPTIMIZATION_LEVEL = 0;
				GCC_PREPROCESSOR_DEFINITIONS = (
					"DEBUG=1",
					"$(inherited)",
				);
				GCC_WARN_64_TO_32_BIT_CONVERSION = YES;
				GCC_WARN_ABOUT_RETURN_TYPE = YES_ERROR;
				GCC_WARN_UNDECLARED_SELECTOR = YES;
				GCC_WARN_UNINITIALIZED_AUTOS = YES_AGGRESSIVE;
				GCC_WARN_UNUSED_FUNCTION = YES;
				GCC_WARN_UNUSED_VARIABLE = YES;
				IPHONEOS_DEPLOYMENT_TARGET = 13.2;
				MTL_ENABLE_DEBUG_INFO = INCLUDE_SOURCE;
				MTL_FAST_MATH = YES;
				ONLY_ACTIVE_ARCH = YES;
				SDKROOT = iphoneos;
				SWIFT_ACTIVE_COMPILATION_CONDITIONS = DEBUG;
				SWIFT_OPTIMIZATION_LEVEL = "-Onone";
			};
			name = Debug;
		};
		641BAF8C248568BA00E220F1 /* Release */ = {
			isa = XCBuildConfiguration;
			buildSettings = {
				ALWAYS_SEARCH_USER_PATHS = NO;
				CLANG_ANALYZER_NONNULL = YES;
				CLANG_ANALYZER_NUMBER_OBJECT_CONVERSION = YES_AGGRESSIVE;
				CLANG_CXX_LANGUAGE_STANDARD = "gnu++14";
				CLANG_CXX_LIBRARY = "libc++";
				CLANG_ENABLE_MODULES = YES;
				CLANG_ENABLE_OBJC_ARC = YES;
				CLANG_ENABLE_OBJC_WEAK = YES;
				CLANG_WARN_BLOCK_CAPTURE_AUTORELEASING = YES;
				CLANG_WARN_BOOL_CONVERSION = YES;
				CLANG_WARN_COMMA = YES;
				CLANG_WARN_CONSTANT_CONVERSION = YES;
				CLANG_WARN_DEPRECATED_OBJC_IMPLEMENTATIONS = YES;
				CLANG_WARN_DIRECT_OBJC_ISA_USAGE = YES_ERROR;
				CLANG_WARN_DOCUMENTATION_COMMENTS = YES;
				CLANG_WARN_EMPTY_BODY = YES;
				CLANG_WARN_ENUM_CONVERSION = YES;
				CLANG_WARN_INFINITE_RECURSION = YES;
				CLANG_WARN_INT_CONVERSION = YES;
				CLANG_WARN_NON_LITERAL_NULL_CONVERSION = YES;
				CLANG_WARN_OBJC_IMPLICIT_RETAIN_SELF = YES;
				CLANG_WARN_OBJC_LITERAL_CONVERSION = YES;
				CLANG_WARN_OBJC_ROOT_CLASS = YES_ERROR;
				CLANG_WARN_RANGE_LOOP_ANALYSIS = YES;
				CLANG_WARN_STRICT_PROTOTYPES = YES;
				CLANG_WARN_SUSPICIOUS_MOVE = YES;
				CLANG_WARN_UNGUARDED_AVAILABILITY = YES_AGGRESSIVE;
				CLANG_WARN_UNREACHABLE_CODE = YES;
				CLANG_WARN__DUPLICATE_METHOD_MATCH = YES;
				COPY_PHASE_STRIP = NO;
				DEBUG_INFORMATION_FORMAT = "dwarf-with-dsym";
				ENABLE_NS_ASSERTIONS = NO;
				ENABLE_STRICT_OBJC_MSGSEND = YES;
				GCC_C_LANGUAGE_STANDARD = gnu11;
				GCC_NO_COMMON_BLOCKS = YES;
				GCC_WARN_64_TO_32_BIT_CONVERSION = YES;
				GCC_WARN_ABOUT_RETURN_TYPE = YES_ERROR;
				GCC_WARN_UNDECLARED_SELECTOR = YES;
				GCC_WARN_UNINITIALIZED_AUTOS = YES_AGGRESSIVE;
				GCC_WARN_UNUSED_FUNCTION = YES;
				GCC_WARN_UNUSED_VARIABLE = YES;
				IPHONEOS_DEPLOYMENT_TARGET = 13.2;
				MTL_ENABLE_DEBUG_INFO = NO;
				MTL_FAST_MATH = YES;
				SDKROOT = iphoneos;
				SWIFT_COMPILATION_MODE = wholemodule;
				SWIFT_OPTIMIZATION_LEVEL = "-O";
				VALIDATE_PRODUCT = YES;
			};
			name = Release;
		};
		641BAF8E248568BA00E220F1 /* Debug */ = {
			isa = XCBuildConfiguration;
			baseConfigurationReference = AFC86365BC570E99FA324994 /* Pods-FairAppIOS.debug.xcconfig */;
			buildSettings = {
				ASSETCATALOG_COMPILER_APPICON_NAME = AppIcon;
				CODE_SIGN_STYLE = Automatic;
				DEVELOPMENT_ASSET_PATHS = "\"FairAppIOS/Preview Content\"";
				ENABLE_PREVIEWS = YES;
				INFOPLIST_FILE = FairAppIOS/Info.plist;
				IPHONEOS_DEPLOYMENT_TARGET = 13.0;
				LD_RUNPATH_SEARCH_PATHS = (
					"$(inherited)",
					"@executable_path/Frameworks",
				);
				PRODUCT_BUNDLE_IDENTIFIER = TheFair.FairAppIOS;
				PRODUCT_NAME = "$(TARGET_NAME)";
				SWIFT_VERSION = 5.0;
				TARGETED_DEVICE_FAMILY = 1;
			};
			name = Debug;
		};
		641BAF8F248568BA00E220F1 /* Release */ = {
			isa = XCBuildConfiguration;
			baseConfigurationReference = DCCFF96749B93925A04AB892 /* Pods-FairAppIOS.release.xcconfig */;
			buildSettings = {
				ASSETCATALOG_COMPILER_APPICON_NAME = AppIcon;
				CODE_SIGN_STYLE = Automatic;
				DEVELOPMENT_ASSET_PATHS = "\"FairAppIOS/Preview Content\"";
				ENABLE_PREVIEWS = YES;
				INFOPLIST_FILE = FairAppIOS/Info.plist;
				IPHONEOS_DEPLOYMENT_TARGET = 13.0;
				LD_RUNPATH_SEARCH_PATHS = (
					"$(inherited)",
					"@executable_path/Frameworks",
				);
				PRODUCT_BUNDLE_IDENTIFIER = TheFair.FairAppIOS;
				PRODUCT_NAME = "$(TARGET_NAME)";
				SWIFT_VERSION = 5.0;
				TARGETED_DEVICE_FAMILY = 1;
			};
			name = Release;
		};
/* End XCBuildConfiguration section */

/* Begin XCConfigurationList section */
		641BAF71248568B700E220F1 /* Build configuration list for PBXProject "FairAppIOS" */ = {
			isa = XCConfigurationList;
			buildConfigurations = (
				641BAF8B248568BA00E220F1 /* Debug */,
				641BAF8C248568BA00E220F1 /* Release */,
			);
			defaultConfigurationIsVisible = 0;
			defaultConfigurationName = Release;
		};
		641BAF8D248568BA00E220F1 /* Build configuration list for PBXNativeTarget "FairAppIOS" */ = {
			isa = XCConfigurationList;
			buildConfigurations = (
				641BAF8E248568BA00E220F1 /* Debug */,
				641BAF8F248568BA00E220F1 /* Release */,
			);
			defaultConfigurationIsVisible = 0;
			defaultConfigurationName = Release;
		};
/* End XCConfigurationList section */

/* Begin XCVersionGroup section */
		641BAF7D248568B700E220F1 /* FairAppIOS.xcdatamodeld */ = {
			isa = XCVersionGroup;
			children = (
				641BAF7E248568B700E220F1 /* FairAppIOS.xcdatamodel */,
			);
			currentVersion = 641BAF7E248568B700E220F1 /* FairAppIOS.xcdatamodel */;
			path = FairAppIOS.xcdatamodeld;
			sourceTree = "<group>";
			versionGroupType = wrapper.xcdatamodel;
		};
/* End XCVersionGroup section */
	};
	rootObject = 641BAF6E248568B700E220F1 /* Project object */;
}
